<Solution>
  <Project Path="Assembly-CSharp-firstpass.csproj" />
  <Project Path="Assembly-CSharp-Editor-firstpass.csproj" />
  <Project Path="Unity.RenderPipelines.Universal.Runtime.csproj" />
  <Project Path="RythmRPG.Combat.Runtime.csproj" />
  <Project Path="FlatKit.Utils.Editor.csproj" />
  <Project Path="ExternAttributes.Editor.csproj" />
  <Project Path="Assembly-CSharp.csproj" />
  <Project Path="PrimeTween.Demo.csproj" />
  <Project Path="Assembly-CSharp-Editor.csproj" />
  <Project Path="RythmRPG.Rhythm.Runtime.csproj" />
  <Project Path="RythmRPG.Rhythm.Editor.csproj" />
  <Project Path="PrimeTween.Debug.csproj" />
  <Project Path="RythmRPG.Combat.Tests.EditMode.csproj" />
  <Project Path="RythmRPG.Rhythm.Tests.EditMode.csproj" />
  <Project Path="PrimeTween.Installer.csproj" />
</Solution>
